
Microsoft Visual Studio Solution File, Format Version 12.00
# Visual Studio 15
VisualStudioVersion = 15.0.28307.902
MinimumVisualStudioVersion = 10.0.40219.1
Project("{E24C65DC-7377-472B-9ABA-BC803B73C61A}") = "pb-sunshine", "http://localhost:54283", "{BD80AE68-236D-4783-90D9-0F54680CA1C4}"
	ProjectSection(WebsiteProperties) = preProject
		SccProjectName = "SAK"
		SccAuxPath = "SAK"
		SccLocalPath = "SAK"
		SccProvider = "SAK"
		UseIISExpress = "true"
		TargetFrameworkMoniker = ".NETFramework,Version%3Dv4.5"
		Debug.AspNetCompiler.VirtualPath = "/localhost_54283"
		Debug.AspNetCompiler.PhysicalPath = "pb-sunshine\"
		Debug.AspNetCompiler.TargetPath = "PrecompiledWeb\localhost_54283\"
		Debug.AspNetCompiler.Updateable = "true"
		Debug.AspNetCompiler.ForceOverwrite = "true"
		Debug.AspNetCompiler.FixedNames = "false"
		Debug.AspNetCompiler.Debug = "True"
		Release.AspNetCompiler.VirtualPath = "/localhost_54283"
		Release.AspNetCompiler.PhysicalPath = "pb-sunshine\"
		Release.AspNetCompiler.TargetPath = "PrecompiledWeb\localhost_54283\"
		Release.AspNetCompiler.Updateable = "true"
		Release.AspNetCompiler.ForceOverwrite = "true"
		Release.AspNetCompiler.FixedNames = "false"
		Release.AspNetCompiler.Debug = "False"
		SlnRelativePath = "pb-sunshine\"
		DefaultWebSiteLanguage = "Visual C#"
	EndProjectSection
EndProject
Global
	GlobalSection(SolutionConfigurationPlatforms) = preSolution
		Debug|Any CPU = Debug|Any CPU
		Release|Any CPU = Release|Any CPU
	EndGlobalSection
	GlobalSection(ProjectConfigurationPlatforms) = postSolution
		{BD80AE68-236D-4783-90D9-0F54680CA1C4}.Debug|Any CPU.ActiveCfg = Debug|Any CPU
		{BD80AE68-236D-4783-90D9-0F54680CA1C4}.Debug|Any CPU.Build.0 = Debug|Any CPU
		{BD80AE68-236D-4783-90D9-0F54680CA1C4}.Release|Any CPU.ActiveCfg = Debug|Any CPU
		{BD80AE68-236D-4783-90D9-0F54680CA1C4}.Release|Any CPU.Build.0 = Debug|Any CPU
	EndGlobalSection
	GlobalSection(SolutionProperties) = preSolution
		HideSolutionNode = FALSE
	EndGlobalSection
	GlobalSection(ExtensibilityGlobals) = postSolution
		SolutionGuid = {4692A55F-3783-42E9-9704-08B4738F138C}
	EndGlobalSection
	GlobalSection(TeamFoundationVersionControl) = preSolution
		SccNumberOfProjects = 2
		SccEnterpriseProvider = {4CA58AB2-18FA-4F8D-95D4-32DDF27D184C}
		SccTeamFoundationServer = https://andremulder.visualstudio.com/
		SccLocalPath0 = .
		SccWebProject1 = true
		SccProjectUniqueName1 = http://localhost:54283
		SccProjectName1 = pb-sunshine
		SccLocalPath1 = pb-sunshine
		SccProjectEnlistmentChoice1 = 2
	EndGlobalSection
EndGlobal
